// !$*UTF8*$!
{
	archiveVersion = 1;
	classes = {
	};
	objectVersion = 55;
	objects = {

/* Begin PBXBuildFile section */
		8B87AB4D27EEC1C500BA8613 /* OnPressButtonModifier.swift in Sources */ = {isa = PBXBuildFile; fileRef = 8B87AB4C27EEC1C500BA8613 /* OnPressButtonModifier.swift */; };
		8B8E8EFF27D8E26B0002CECE /* SwiftUICharts in Frameworks */ = {isa = PBXBuildFile; productRef = 8B8E8EFE27D8E26B0002CECE /* SwiftUICharts */; };
		8B904B9327DB0A3500DD60D3 /* PositionData.swift in Sources */ = {isa = PBXBuildFile; fileRef = 8B904B9227DB0A3500DD60D3 /* PositionData.swift */; };
		8B904B9527DB110600DD60D3 /* CaptureType.swift in Sources */ = {isa = PBXBuildFile; fileRef = 8B904B9427DB110600DD60D3 /* CaptureType.swift */; };
		8B904B9727DB116300DD60D3 /* Snapshot.swift in Sources */ = {isa = PBXBuildFile; fileRef = 8B904B9627DB116300DD60D3 /* Snapshot.swift */; };
		8B904B9927DB30A600DD60D3 /* SaveManager.swift in Sources */ = {isa = PBXBuildFile; fileRef = 8B904B9827DB30A600DD60D3 /* SaveManager.swift */; };
		8B904B9B27DB30D400DD60D3 /* BluetoothStatus.swift in Sources */ = {isa = PBXBuildFile; fileRef = 8B904B9A27DB30D400DD60D3 /* BluetoothStatus.swift */; };
		8B904B9D27DB315300DD60D3 /* FilePreviewView.swift in Sources */ = {isa = PBXBuildFile; fileRef = 8B904B9C27DB315300DD60D3 /* FilePreviewView.swift */; };
		8BA6937827D59B3500F2F781 /* MovementTrackerApp.swift in Sources */ = {isa = PBXBuildFile; fileRef = 8BA6937727D59B3500F2F781 /* MovementTrackerApp.swift */; };
		8BA6937A27D59B3500F2F781 /* ContentView.swift in Sources */ = {isa = PBXBuildFile; fileRef = 8BA6937927D59B3500F2F781 /* ContentView.swift */; };
		8BA6937C27D59B3600F2F781 /* Assets.xcassets in Resources */ = {isa = PBXBuildFile; fileRef = 8BA6937B27D59B3600F2F781 /* Assets.xcassets */; };
		8BA6937F27D59B3600F2F781 /* Preview Assets.xcassets in Resources */ = {isa = PBXBuildFile; fileRef = 8BA6937E27D59B3600F2F781 /* Preview Assets.xcassets */; };
		8BA6938727D59C2300F2F781 /* BluetoothManager.swift in Sources */ = {isa = PBXBuildFile; fileRef = 8BA6938627D59C2300F2F781 /* BluetoothManager.swift */; };
		8BEBFD8627EB03DA0014F355 /* MeasurementView.swift in Sources */ = {isa = PBXBuildFile; fileRef = 8BEBFD8527EB03DA0014F355 /* MeasurementView.swift */; };
		8BEBFD8827EB03F10014F355 /* FolderView.swift in Sources */ = {isa = PBXBuildFile; fileRef = 8BEBFD8727EB03F10014F355 /* FolderView.swift */; };
		8BEBFD8A27EB04030014F355 /* FilesView.swift in Sources */ = {isa = PBXBuildFile; fileRef = 8BEBFD8927EB04030014F355 /* FilesView.swift */; };
		8BEBFD8C27EB04140014F355 /* HandView.swift in Sources */ = {isa = PBXBuildFile; fileRef = 8BEBFD8B27EB04140014F355 /* HandView.swift */; };
		8BEBFD8E27EB04320014F355 /* ShareSheetView.swift in Sources */ = {isa = PBXBuildFile; fileRef = 8BEBFD8D27EB04320014F355 /* ShareSheetView.swift */; };
		8BEBFD9027EB051E0014F355 /* CaptureTypesView.swift in Sources */ = {isa = PBXBuildFile; fileRef = 8BEBFD8F27EB051E0014F355 /* CaptureTypesView.swift */; };
/* End PBXBuildFile section */

/* Begin PBXFileReference section */
		8B87AB4C27EEC1C500BA8613 /* OnPressButtonModifier.swift */ = {isa = PBXFileReference; lastKnownFileType = sourcecode.swift; path = OnPressButtonModifier.swift; sourceTree = "<group>"; };
		8B8E8EF727D8D4B00002CECE /* Info.plist */ = {isa = PBXFileReference; lastKnownFileType = text.plist; path = Info.plist; sourceTree = "<group>"; };
		8B904B9227DB0A3500DD60D3 /* PositionData.swift */ = {isa = PBXFileReference; lastKnownFileType = sourcecode.swift; path = PositionData.swift; sourceTree = "<group>"; };
		8B904B9427DB110600DD60D3 /* CaptureType.swift */ = {isa = PBXFileReference; lastKnownFileType = sourcecode.swift; path = CaptureType.swift; sourceTree = "<group>"; };
		8B904B9627DB116300DD60D3 /* Snapshot.swift */ = {isa = PBXFileReference; lastKnownFileType = sourcecode.swift; path = Snapshot.swift; sourceTree = "<group>"; };
		8B904B9827DB30A600DD60D3 /* SaveManager.swift */ = {isa = PBXFileReference; lastKnownFileType = sourcecode.swift; path = SaveManager.swift; sourceTree = "<group>"; };
		8B904B9A27DB30D400DD60D3 /* BluetoothStatus.swift */ = {isa = PBXFileReference; lastKnownFileType = sourcecode.swift; path = BluetoothStatus.swift; sourceTree = "<group>"; };
		8B904B9C27DB315300DD60D3 /* FilePreviewView.swift */ = {isa = PBXFileReference; fileEncoding = 4; lastKnownFileType = sourcecode.swift; path = FilePreviewView.swift; sourceTree = "<group>"; };
		8BA6937427D59B3500F2F781 /* MovementTracker.app */ = {isa = PBXFileReference; explicitFileType = wrapper.application; includeInIndex = 0; path = MovementTracker.app; sourceTree = BUILT_PRODUCTS_DIR; };
		8BA6937727D59B3500F2F781 /* MovementTrackerApp.swift */ = {isa = PBXFileReference; lastKnownFileType = sourcecode.swift; path = MovementTrackerApp.swift; sourceTree = "<group>"; };
		8BA6937927D59B3500F2F781 /* ContentView.swift */ = {isa = PBXFileReference; lastKnownFileType = sourcecode.swift; path = ContentView.swift; sourceTree = "<group>"; };
		8BA6937B27D59B3600F2F781 /* Assets.xcassets */ = {isa = PBXFileReference; lastKnownFileType = folder.assetcatalog; path = Assets.xcassets; sourceTree = "<group>"; };
		8BA6937E27D59B3600F2F781 /* Preview Assets.xcassets */ = {isa = PBXFileReference; lastKnownFileType = folder.assetcatalog; path = "Preview Assets.xcassets"; sourceTree = "<group>"; };
		8BA6938627D59C2300F2F781 /* BluetoothManager.swift */ = {isa = PBXFileReference; lastKnownFileType = sourcecode.swift; path = BluetoothManager.swift; sourceTree = "<group>"; };
		8BEBFD8527EB03DA0014F355 /* MeasurementView.swift */ = {isa = PBXFileReference; lastKnownFileType = sourcecode.swift; path = MeasurementView.swift; sourceTree = "<group>"; };
		8BEBFD8727EB03F10014F355 /* FolderView.swift */ = {isa = PBXFileReference; lastKnownFileType = sourcecode.swift; path = FolderView.swift; sourceTree = "<group>"; };
		8BEBFD8927EB04030014F355 /* FilesView.swift */ = {isa = PBXFileReference; lastKnownFileType = sourcecode.swift; path = FilesView.swift; sourceTree = "<group>"; };
		8BEBFD8B27EB04140014F355 /* HandView.swift */ = {isa = PBXFileReference; lastKnownFileType = sourcecode.swift; path = HandView.swift; sourceTree = "<group>"; };
		8BEBFD8D27EB04320014F355 /* ShareSheetView.swift */ = {isa = PBXFileReference; lastKnownFileType = sourcecode.swift; path = ShareSheetView.swift; sourceTree = "<group>"; };
		8BEBFD8F27EB051E0014F355 /* CaptureTypesView.swift */ = {isa = PBXFileReference; lastKnownFileType = sourcecode.swift; path = CaptureTypesView.swift; sourceTree = "<group>"; };
/* End PBXFileReference section */

/* Begin PBXFrameworksBuildPhase section */
		8BA6937127D59B3500F2F781 /* Frameworks */ = {
			isa = PBXFrameworksBuildPhase;
			buildActionMask = 2147483647;
			files = (
				8B8E8EFF27D8E26B0002CECE /* SwiftUICharts in Frameworks */,
			);
			runOnlyForDeploymentPostprocessing = 0;
		};
/* End PBXFrameworksBuildPhase section */

/* Begin PBXGroup section */
		8B87AB4B27EEC1B800BA8613 /* modifiers */ = {
			isa = PBXGroup;
			children = (
				8B87AB4C27EEC1C500BA8613 /* OnPressButtonModifier.swift */,
			);
			path = modifiers;
			sourceTree = "<group>";
		};
		8BA6936B27D59B3500F2F781 = {
			isa = PBXGroup;
			children = (
				8BA6937627D59B3500F2F781 /* MovementTracker */,
				8BA6937527D59B3500F2F781 /* Products */,
			);
			sourceTree = "<group>";
		};
		8BA6937527D59B3500F2F781 /* Products */ = {
			isa = PBXGroup;
			children = (
				8BA6937427D59B3500F2F781 /* MovementTracker.app */,
			);
			name = Products;
			sourceTree = "<group>";
		};
		8BA6937627D59B3500F2F781 /* MovementTracker */ = {
			isa = PBXGroup;
			children = (
				8B87AB4B27EEC1B800BA8613 /* modifiers */,
				8BEBFD8427EB03D00014F355 /* view */,
				8B8E8EF727D8D4B00002CECE /* Info.plist */,
				8BA6938527D59C1300F2F781 /* model */,
				8BA6937727D59B3500F2F781 /* MovementTrackerApp.swift */,
				8BA6937927D59B3500F2F781 /* ContentView.swift */,
				8B904B9C27DB315300DD60D3 /* FilePreviewView.swift */,
				8BA6937B27D59B3600F2F781 /* Assets.xcassets */,
				8BA6937D27D59B3600F2F781 /* Preview Content */,
			);
			path = MovementTracker;
			sourceTree = "<group>";
		};
		8BA6937D27D59B3600F2F781 /* Preview Content */ = {
			isa = PBXGroup;
			children = (
				8BA6937E27D59B3600F2F781 /* Preview Assets.xcassets */,
			);
			path = "Preview Content";
			sourceTree = "<group>";
		};
		8BA6938527D59C1300F2F781 /* model */ = {
			isa = PBXGroup;
			children = (
				8BA6938627D59C2300F2F781 /* BluetoothManager.swift */,
				8B904B9227DB0A3500DD60D3 /* PositionData.swift */,
				8B904B9427DB110600DD60D3 /* CaptureType.swift */,
				8B904B9627DB116300DD60D3 /* Snapshot.swift */,
				8B904B9827DB30A600DD60D3 /* SaveManager.swift */,
				8B904B9A27DB30D400DD60D3 /* BluetoothStatus.swift */,
			);
			path = model;
			sourceTree = "<group>";
		};
		8BEBFD8427EB03D00014F355 /* view */ = {
			isa = PBXGroup;
			children = (
				8BEBFD8527EB03DA0014F355 /* MeasurementView.swift */,
				8BEBFD8727EB03F10014F355 /* FolderView.swift */,
				8BEBFD8927EB04030014F355 /* FilesView.swift */,
				8BEBFD8B27EB04140014F355 /* HandView.swift */,
				8BEBFD8D27EB04320014F355 /* ShareSheetView.swift */,
				8BEBFD8F27EB051E0014F355 /* CaptureTypesView.swift */,
			);
			path = view;
			sourceTree = "<group>";
		};
/* End PBXGroup section */

/* Begin PBXNativeTarget section */
		8BA6937327D59B3500F2F781 /* MovementTracker */ = {
			isa = PBXNativeTarget;
			buildConfigurationList = 8BA6938227D59B3600F2F781 /* Build configuration list for PBXNativeTarget "MovementTracker" */;
			buildPhases = (
				8BA6937027D59B3500F2F781 /* Sources */,
				8BA6937127D59B3500F2F781 /* Frameworks */,
				8BA6937227D59B3500F2F781 /* Resources */,
			);
			buildRules = (
			);
			dependencies = (
			);
			name = MovementTracker;
			packageProductDependencies = (
				8B8E8EFE27D8E26B0002CECE /* SwiftUICharts */,
			);
			productName = MovementTracker;
			productReference = 8BA6937427D59B3500F2F781 /* MovementTracker.app */;
			productType = "com.apple.product-type.application";
		};
/* End PBXNativeTarget section */

/* Begin PBXProject section */
		8BA6936C27D59B3500F2F781 /* Project object */ = {
			isa = PBXProject;
			attributes = {
				BuildIndependentTargetsInParallel = 1;
				LastSwiftUpdateCheck = 1330;
				LastUpgradeCheck = 1330;
				TargetAttributes = {
					8BA6937327D59B3500F2F781 = {
						CreatedOnToolsVersion = 13.3;
					};
				};
			};
			buildConfigurationList = 8BA6936F27D59B3500F2F781 /* Build configuration list for PBXProject "MovementTracker" */;
			compatibilityVersion = "Xcode 13.0";
			developmentRegion = en;
			hasScannedForEncodings = 0;
			knownRegions = (
				en,
				Base,
			);
			mainGroup = 8BA6936B27D59B3500F2F781;
			packageReferences = (
				8B8E8EFD27D8E26B0002CECE /* XCRemoteSwiftPackageReference "SwiftUICharts" */,
			);
			productRefGroup = 8BA6937527D59B3500F2F781 /* Products */;
			projectDirPath = "";
			projectRoot = "";
			targets = (
				8BA6937327D59B3500F2F781 /* MovementTracker */,
			);
		};
/* End PBXProject section */

/* Begin PBXResourcesBuildPhase section */
		8BA6937227D59B3500F2F781 /* Resources */ = {
			isa = PBXResourcesBuildPhase;
			buildActionMask = 2147483647;
			files = (
				8BA6937F27D59B3600F2F781 /* Preview Assets.xcassets in Resources */,
				8BA6937C27D59B3600F2F781 /* Assets.xcassets in Resources */,
			);
			runOnlyForDeploymentPostprocessing = 0;
		};
/* End PBXResourcesBuildPhase section */

/* Begin PBXSourcesBuildPhase section */
		8BA6937027D59B3500F2F781 /* Sources */ = {
			isa = PBXSourcesBuildPhase;
			buildActionMask = 2147483647;
			files = (
				8BEBFD8827EB03F10014F355 /* FolderView.swift in Sources */,
				8BEBFD9027EB051E0014F355 /* CaptureTypesView.swift in Sources */,
				8B904B9527DB110600DD60D3 /* CaptureType.swift in Sources */,
				8B904B9B27DB30D400DD60D3 /* BluetoothStatus.swift in Sources */,
				8BA6938727D59C2300F2F781 /* BluetoothManager.swift in Sources */,
				8BEBFD8627EB03DA0014F355 /* MeasurementView.swift in Sources */,
				8B904B9D27DB315300DD60D3 /* FilePreviewView.swift in Sources */,
				8BEBFD8E27EB04320014F355 /* ShareSheetView.swift in Sources */,
				8B904B9327DB0A3500DD60D3 /* PositionData.swift in Sources */,
				8B904B9727DB116300DD60D3 /* Snapshot.swift in Sources */,
				8BEBFD8C27EB04140014F355 /* HandView.swift in Sources */,
				8B87AB4D27EEC1C500BA8613 /* OnPressButtonModifier.swift in Sources */,
				8BEBFD8A27EB04030014F355 /* FilesView.swift in Sources */,
				8BA6937A27D59B3500F2F781 /* ContentView.swift in Sources */,
				8BA6937827D59B3500F2F781 /* MovementTrackerApp.swift in Sources */,
				8B904B9927DB30A600DD60D3 /* SaveManager.swift in Sources */,
			);
			runOnlyForDeploymentPostprocessing = 0;
		};
/* End PBXSourcesBuildPhase section */

/* Begin XCBuildConfiguration section */
		8BA6938027D59B3600F2F781 /* Debug */ = {
			isa = XCBuildConfiguration;
			buildSettings = {
				ALWAYS_SEARCH_USER_PATHS = NO;
				CLANG_ANALYZER_NONNULL = YES;
				CLANG_ANALYZER_NUMBER_OBJECT_CONVERSION = YES_AGGRESSIVE;
				CLANG_CXX_LANGUAGE_STANDARD = "gnu++17";
				CLANG_ENABLE_MODULES = YES;
				CLANG_ENABLE_OBJC_ARC = YES;
				CLANG_ENABLE_OBJC_WEAK = YES;
				CLANG_WARN_BLOCK_CAPTURE_AUTORELEASING = YES;
				CLANG_WARN_BOOL_CONVERSION = YES;
				CLANG_WARN_COMMA = YES;
				CLANG_WARN_CONSTANT_CONVERSION = YES;
				CLANG_WARN_DEPRECATED_OBJC_IMPLEMENTATIONS = YES;
				CLANG_WARN_DIRECT_OBJC_ISA_USAGE = YES_ERROR;
				CLANG_WARN_DOCUMENTATION_COMMENTS = YES;
				CLANG_WARN_EMPTY_BODY = YES;
				CLANG_WARN_ENUM_CONVERSION = YES;
				CLANG_WARN_INFINITE_RECURSION = YES;
				CLANG_WARN_INT_CONVERSION = YES;
				CLANG_WARN_NON_LITERAL_NULL_CONVERSION = YES;
				CLANG_WARN_OBJC_IMPLICIT_RETAIN_SELF = YES;
				CLANG_WARN_OBJC_LITERAL_CONVERSION = YES;
				CLANG_WARN_OBJC_ROOT_CLASS = YES_ERROR;
				CLANG_WARN_QUOTED_INCLUDE_IN_FRAMEWORK_HEADER = YES;
				CLANG_WARN_RANGE_LOOP_ANALYSIS = YES;
				CLANG_WARN_STRICT_PROTOTYPES = YES;
				CLANG_WARN_SUSPICIOUS_MOVE = YES;
				CLANG_WARN_UNGUARDED_AVAILABILITY = YES_AGGRESSIVE;
				CLANG_WARN_UNREACHABLE_CODE = YES;
				CLANG_WARN__DUPLICATE_METHOD_MATCH = YES;
				COPY_PHASE_STRIP = NO;
				DEBUG_INFORMATION_FORMAT = dwarf;
				ENABLE_STRICT_OBJC_MSGSEND = YES;
				ENABLE_TESTABILITY = YES;
				GCC_C_LANGUAGE_STANDARD = gnu11;
				GCC_DYNAMIC_NO_PIC = NO;
				GCC_NO_COMMON_BLOCKS = YES;
				GCC_OPTIMIZATION_LEVEL = 0;
				GCC_PREPROCESSOR_DEFINITIONS = (
					"DEBUG=1",
					"$(inherited)",
				);
				GCC_WARN_64_TO_32_BIT_CONVERSION = YES;
				GCC_WARN_ABOUT_RETURN_TYPE = YES_ERROR;
				GCC_WARN_UNDECLARED_SELECTOR = YES;
				GCC_WARN_UNINITIALIZED_AUTOS = YES_AGGRESSIVE;
				GCC_WARN_UNUSED_FUNCTION = YES;
				GCC_WARN_UNUSED_VARIABLE = YES;
				IPHONEOS_DEPLOYMENT_TARGET = 15.4;
				MTL_ENABLE_DEBUG_INFO = INCLUDE_SOURCE;
				MTL_FAST_MATH = YES;
				ONLY_ACTIVE_ARCH = YES;
				SDKROOT = iphoneos;
				SWIFT_ACTIVE_COMPILATION_CONDITIONS = DEBUG;
				SWIFT_OPTIMIZATION_LEVEL = "-Onone";
			};
			name = Debug;
		};
		8BA6938127D59B3600F2F781 /* Release */ = {
			isa = XCBuildConfiguration;
			buildSettings = {
				ALWAYS_SEARCH_USER_PATHS = NO;
				CLANG_ANALYZER_NONNULL = YES;
				CLANG_ANALYZER_NUMBER_OBJECT_CONVERSION = YES_AGGRESSIVE;
				CLANG_CXX_LANGUAGE_STANDARD = "gnu++17";
				CLANG_ENABLE_MODULES = YES;
				CLANG_ENABLE_OBJC_ARC = YES;
				CLANG_ENABLE_OBJC_WEAK = YES;
				CLANG_WARN_BLOCK_CAPTURE_AUTORELEASING = YES;
				CLANG_WARN_BOOL_CONVERSION = YES;
				CLANG_WARN_COMMA = YES;
				CLANG_WARN_CONSTANT_CONVERSION = YES;
				CLANG_WARN_DEPRECATED_OBJC_IMPLEMENTATIONS = YES;
				CLANG_WARN_DIRECT_OBJC_ISA_USAGE = YES_ERROR;
				CLANG_WARN_DOCUMENTATION_COMMENTS = YES;
				CLANG_WARN_EMPTY_BODY = YES;
				CLANG_WARN_ENUM_CONVERSION = YES;
				CLANG_WARN_INFINITE_RECURSION = YES;
				CLANG_WARN_INT_CONVERSION = YES;
				CLANG_WARN_NON_LITERAL_NULL_CONVERSION = YES;
				CLANG_WARN_OBJC_IMPLICIT_RETAIN_SELF = YES;
				CLANG_WARN_OBJC_LITERAL_CONVERSION = YES;
				CLANG_WARN_OBJC_ROOT_CLASS = YES_ERROR;
				CLANG_WARN_QUOTED_INCLUDE_IN_FRAMEWORK_HEADER = YES;
				CLANG_WARN_RANGE_LOOP_ANALYSIS = YES;
				CLANG_WARN_STRICT_PROTOTYPES = YES;
				CLANG_WARN_SUSPICIOUS_MOVE = YES;
				CLANG_WARN_UNGUARDED_AVAILABILITY = YES_AGGRESSIVE;
				CLANG_WARN_UNREACHABLE_CODE = YES;
				CLANG_WARN__DUPLICATE_METHOD_MATCH = YES;
				COPY_PHASE_STRIP = NO;
				DEBUG_INFORMATION_FORMAT = "dwarf-with-dsym";
				ENABLE_NS_ASSERTIONS = NO;
				ENABLE_STRICT_OBJC_MSGSEND = YES;
				GCC_C_LANGUAGE_STANDARD = gnu11;
				GCC_NO_COMMON_BLOCKS = YES;
				GCC_WARN_64_TO_32_BIT_CONVERSION = YES;
				GCC_WARN_ABOUT_RETURN_TYPE = YES_ERROR;
				GCC_WARN_UNDECLARED_SELECTOR = YES;
				GCC_WARN_UNINITIALIZED_AUTOS = YES_AGGRESSIVE;
				GCC_WARN_UNUSED_FUNCTION = YES;
				GCC_WARN_UNUSED_VARIABLE = YES;
				IPHONEOS_DEPLOYMENT_TARGET = 15.4;
				MTL_ENABLE_DEBUG_INFO = NO;
				MTL_FAST_MATH = YES;
				SDKROOT = iphoneos;
				SWIFT_COMPILATION_MODE = wholemodule;
				SWIFT_OPTIMIZATION_LEVEL = "-O";
				VALIDATE_PRODUCT = YES;
			};
			name = Release;
		};
		8BA6938327D59B3600F2F781 /* Debug */ = {
			isa = XCBuildConfiguration;
			buildSettings = {
				ASSETCATALOG_COMPILER_APPICON_NAME = AppIcon;
				ASSETCATALOG_COMPILER_GLOBAL_ACCENT_COLOR_NAME = AccentColor;
				CODE_SIGN_STYLE = Automatic;
				CURRENT_PROJECT_VERSION = 1;
				DEVELOPMENT_ASSET_PATHS = "\"MovementTracker/Preview Content\"";
				DEVELOPMENT_TEAM = 2VA9RUV2PN;
				ENABLE_PREVIEWS = YES;
				GENERATE_INFOPLIST_FILE = YES;
				INFOPLIST_FILE = MovementTracker/Info.plist;
				INFOPLIST_KEY_NSBluetoothAlwaysUsageDescription = "Let it work or else!!";
				INFOPLIST_KEY_UIApplicationSceneManifest_Generation = YES;
				INFOPLIST_KEY_UIApplicationSupportsIndirectInputEvents = YES;
				INFOPLIST_KEY_UILaunchScreen_Generation = YES;
				INFOPLIST_KEY_UISupportedInterfaceOrientations_iPad = "UIInterfaceOrientationPortrait UIInterfaceOrientationPortraitUpsideDown UIInterfaceOrientationLandscapeLeft UIInterfaceOrientationLandscapeRight";
				INFOPLIST_KEY_UISupportedInterfaceOrientations_iPhone = "UIInterfaceOrientationPortrait UIInterfaceOrientationLandscapeLeft UIInterfaceOrientationLandscapeRight";
				IPHONEOS_DEPLOYMENT_TARGET = 15.0;
				LD_RUNPATH_SEARCH_PATHS = (
					"$(inherited)",
					"@executable_path/Frameworks",
				);
				MARKETING_VERSION = 1.0;
				PRODUCT_BUNDLE_IDENTIFIER = getswifty.MovementTracker;
				PRODUCT_NAME = "$(TARGET_NAME)";
				SWIFT_EMIT_LOC_STRINGS = YES;
				SWIFT_VERSION = 5.0;
				TARGETED_DEVICE_FAMILY = "1,2";
			};
			name = Debug;
		};
		8BA6938427D59B3600F2F781 /* Release */ = {
			isa = XCBuildConfiguration;
			buildSettings = {
				ASSETCATALOG_COMPILER_APPICON_NAME = AppIcon;
				ASSETCATALOG_COMPILER_GLOBAL_ACCENT_COLOR_NAME = AccentColor;
				CODE_SIGN_STYLE = Automatic;
				CURRENT_PROJECT_VERSION = 1;
				DEVELOPMENT_ASSET_PATHS = "\"MovementTracker/Preview Content\"";
				DEVELOPMENT_TEAM = 2VA9RUV2PN;
				ENABLE_PREVIEWS = YES;
				GENERATE_INFOPLIST_FILE = YES;
				INFOPLIST_FILE = MovementTracker/Info.plist;
				INFOPLIST_KEY_NSBluetoothAlwaysUsageDescription = "Let it work or else!!";
				INFOPLIST_KEY_UIApplicationSceneManifest_Generation = YES;
				INFOPLIST_KEY_UIApplicationSupportsIndirectInputEvents = YES;
				INFOPLIST_KEY_UILaunchScreen_Generation = YES;
				INFOPLIST_KEY_UISupportedInterfaceOrientations_iPad = "UIInterfaceOrientationPortrait UIInterfaceOrientationPortraitUpsideDown UIInterfaceOrientationLandscapeLeft UIInterfaceOrientationLandscapeRight";
				INFOPLIST_KEY_UISupportedInterfaceOrientations_iPhone = "UIInterfaceOrientationPortrait UIInterfaceOrientationLandscapeLeft UIInterfaceOrientationLandscapeRight";
				IPHONEOS_DEPLOYMENT_TARGET = 15.0;
				LD_RUNPATH_SEARCH_PATHS = (
					"$(inherited)",
					"@executable_path/Frameworks",
				);
				MARKETING_VERSION = 1.0;
				PRODUCT_BUNDLE_IDENTIFIER = getswifty.MovementTracker;
				PRODUCT_NAME = "$(TARGET_NAME)";
				SWIFT_EMIT_LOC_STRINGS = YES;
				SWIFT_VERSION = 5.0;
				TARGETED_DEVICE_FAMILY = "1,2";
			};
			name = Release;
		};
/* End XCBuildConfiguration section */

/* Begin XCConfigurationList section */
		8BA6936F27D59B3500F2F781 /* Build configuration list for PBXProject "MovementTracker" */ = {
			isa = XCConfigurationList;
			buildConfigurations = (
				8BA6938027D59B3600F2F781 /* Debug */,
				8BA6938127D59B3600F2F781 /* Release */,
			);
			defaultConfigurationIsVisible = 0;
			defaultConfigurationName = Release;
		};
		8BA6938227D59B3600F2F781 /* Build configuration list for PBXNativeTarget "MovementTracker" */ = {
			isa = XCConfigurationList;
			buildConfigurations = (
				8BA6938327D59B3600F2F781 /* Debug */,
				8BA6938427D59B3600F2F781 /* Release */,
			);
			defaultConfigurationIsVisible = 0;
			defaultConfigurationName = Release;
		};
/* End XCConfigurationList section */

/* Begin XCRemoteSwiftPackageReference section */
		8B8E8EFD27D8E26B0002CECE /* XCRemoteSwiftPackageReference "SwiftUICharts" */ = {
			isa = XCRemoteSwiftPackageReference;
			repositoryURL = "https://github.com/willdale/SwiftUICharts.git";
			requirement = {
				kind = upToNextMajorVersion;
				minimumVersion = 2.0.0;
			};
		};
/* End XCRemoteSwiftPackageReference section */

/* Begin XCSwiftPackageProductDependency section */
		8B8E8EFE27D8E26B0002CECE /* SwiftUICharts */ = {
			isa = XCSwiftPackageProductDependency;
			package = 8B8E8EFD27D8E26B0002CECE /* XCRemoteSwiftPackageReference "SwiftUICharts" */;
			productName = SwiftUICharts;
		};
/* End XCSwiftPackageProductDependency section */
	};
	rootObject = 8BA6936C27D59B3500F2F781 /* Project object */;
}
